{
  "name": "excel2word_forta",
  "version": "0.0.1",
  "lockfileVersion": 1,
  "dependencies": {
    "adler-32": {
      "version": "1.0.0",
      "resolved": "https://registry.npmjs.org/adler-32/-/adler-32-1.0.0.tgz",
      "integrity": "sha1-KHKKcXVvYpZm3RZTzYB5Op3xhlE="
    },
    "async": {
      "version": "0.9.2",
      "resolved": "https://registry.npmjs.org/async/-/async-0.9.2.tgz",
      "integrity": "sha1-rqdNXmHB+JlhO/ZL2mbUx48v0X0="
    },
    "cfb": {
      "version": "0.11.1",
      "resolved": "https://registry.npmjs.org/cfb/-/cfb-0.11.1.tgz",
      "integrity": "sha1-qW248nKmw/uZ27sj70EiP0i+Hqc="
    },
    "codepage": {
      "version": "1.3.8",
      "resolved": "https://registry.npmjs.org/codepage/-/codepage-1.3.8.tgz",
      "integrity": "sha1-Ty5dfAl13ij4hJgFjcta/KtqX3E="
    },
    "colors": {
      "version": "0.6.2",
      "resolved": "https://registry.npmjs.org/colors/-/colors-0.6.2.tgz",
      "integrity": "sha1-JCP+ZnisDF2uiFLl0OW+CMmXq8w="
    },
    "commander": {
      "version": "2.10.0",
      "resolved": "https://registry.npmjs.org/commander/-/commander-2.10.0.tgz",
      "integrity": "sha512-q/r9trjmuikWDRJNTBHAVnWhuU6w+z80KgBq7j9YDclik5E7X4xi0KnlZBNFA1zOQ+SH/vHMWd2mC9QTOz7GpA=="
    },
    "concat-stream": {
      "version": "1.6.0",
      "resolved": "https://registry.npmjs.org/concat-stream/-/concat-stream-1.6.0.tgz",
      "integrity": "sha1-CqxmL9Ur54lk1VMvaUeE5wEQrPc="
    },
    "core-util-is": {
      "version": "1.0.2",
      "resolved": "https://registry.npmjs.org/core-util-is/-/core-util-is-1.0.2.tgz",
      "integrity": "sha1-tf1UIgqivFq1eqtxQMlAdUUDwac="
    },
    "crc-32": {
      "version": "1.0.2",
      "resolved": "https://registry.npmjs.org/crc-32/-/crc-32-1.0.2.tgz",
      "integrity": "sha1-CVB5hO6bzOO9G4hh8N6KsQroGH0="
    },
    "csv": {
      "version": "0.3.7",
      "resolved": "https://registry.npmjs.org/csv/-/csv-0.3.7.tgz",
      "integrity": "sha1-pPijY/AHLNFVGB5rtJvVjlSXsxw="
    },
    "docxtemplater": {
      "version": "3.1.3",
      "resolved": "https://registry.npmjs.org/docxtemplater/-/docxtemplater-3.1.3.tgz",
      "integrity": "sha512-pxbVYvpHYP1TLOrqp/vX1h5Y2Pyt7tydTr5QlBeD2lLonwHFYxysyF7UIDYIR8loAFXlb4whzJanYs2sTvZxlQ=="
    },
    "excel-to-json": {
      "version": "1.0.0",
      "resolved": "https://registry.npmjs.org/excel-to-json/-/excel-to-json-1.0.0.tgz",
      "integrity": "sha1-VYMy5b29rkWj0uOC03NwZULuPgk="
    },
    "exit-on-epipe": {
      "version": "1.0.0",
      "resolved": "https://registry.npmjs.org/exit-on-epipe/-/exit-on-epipe-1.0.0.tgz",
      "integrity": "sha1-9uBXnIIU0zoIEJ/W4uXB28cEY/w="
    },
    "frac": {
      "version": "0.3.1",
      "resolved": "https://registry.npmjs.org/frac/-/frac-0.3.1.tgz",
      "integrity": "sha1-V3Z3t/3L5vr3xGHxgB00E3zaQ1Q="
    },
    "graceful-readlink": {
      "version": "1.0.1",
      "resolved": "https://registry.npmjs.org/graceful-readlink/-/graceful-readlink-1.0.1.tgz",
      "integrity": "sha1-TK+tdrxi8C+gObL5Tpo906ORpyU="
    },
    "inherits": {
      "version": "2.0.3",
      "resolved": "https://registry.npmjs.org/inherits/-/inherits-2.0.3.tgz",
      "integrity": "sha1-Yzwsg+PaQqUC9SRmAiSA9CCCYd4="
    },
    "isarray": {
      "version": "1.0.0",
      "resolved": "https://registry.npmjs.org/isarray/-/isarray-1.0.0.tgz",
      "integrity": "sha1-u5NdSFgsuhaMBoNJV6VKPgcSTxE="
    },
    "jszip": {
      "version": "2.6.1",
      "resolved": "https://registry.npmjs.org/jszip/-/jszip-2.6.1.tgz",
      "integrity": "sha1-uI86ey5noqBIFSmCx6N1bZxIKPA="
    },
    "minimist": {
      "version": "0.0.8",
      "resolved": "https://registry.npmjs.org/minimist/-/minimist-0.0.8.tgz",
      "integrity": "sha1-hX/Kv8M5fSYluCKCYuhqp6ARsF0="
    },
    "mkdirp": {
      "version": "0.5.1",
      "resolved": "https://registry.npmjs.org/mkdirp/-/mkdirp-0.5.1.tgz",
      "integrity": "sha1-MAV0OOrGz3+MR2fzhkjWaX11yQM="
    },
    "node-excel-to-json": {
      "version": "0.0.3",
      "resolved": "https://registry.npmjs.org/node-excel-to-json/-/node-excel-to-json-0.0.3.tgz",
      "integrity": "sha1-m5nEBWDnIGoptYA0W742FvkabJ0="
    },
    "pako": {
      "version": "1.0.5",
      "resolved": "https://registry.npmjs.org/pako/-/pako-1.0.5.tgz",
      "integrity": "sha1-0iBd/ludqK95fnwWPbTR+E5GALw="
    },
    "path": {
      "version": "0.11.14",
      "resolved": "https://registry.npmjs.org/path/-/path-0.11.14.tgz",
      "integrity": "sha1-y8dWk1XLPIOv60rOQ+z/lSMeWn0="
    },
    "printj": {
      "version": "1.0.0",
      "resolved": "https://registry.npmjs.org/printj/-/printj-1.0.0.tgz",
      "integrity": "sha1-XDfebFdyo/7YRoOZwgY7WyJSiGc="
    },
    "process-nextick-args": {
      "version": "1.0.7",
      "resolved": "https://registry.npmjs.org/process-nextick-args/-/process-nextick-args-1.0.7.tgz",
      "integrity": "sha1-FQ4gt1ZZCtP5EJPyWk8q2L/zC6M="
    },
    "readable-stream": {
      "version": "2.3.2",
      "resolved": "https://registry.npmjs.org/readable-stream/-/readable-stream-2.3.2.tgz",
      "integrity": "sha1-WgTfBeT1f+Pw3Gj90R3FyXx+b00="
    },
    "safe-buffer": {
      "version": "5.1.1",
      "resolved": "https://registry.npmjs.org/safe-buffer/-/safe-buffer-5.1.1.tgz",
      "integrity": "sha512-kKvNJn6Mm93gAczWVJg7wH+wGYWNrDHdWvpUmHyEsgCtIwwo3bqPtV4tR5tuPaUhTOo/kvhVwd8XwwOllGYkbg=="
    },
    "ssf": {
      "version": "0.8.2",
      "resolved": "https://registry.npmjs.org/ssf/-/ssf-0.8.2.tgz",
      "integrity": "sha1-udTcahwbz3b4q/qW19dlb7Kr7NY="
    },
    "string_decoder": {
      "version": "1.0.3",
      "resolved": "https://registry.npmjs.org/string_decoder/-/string_decoder-1.0.3.tgz",
      "integrity": "sha512-4AH6Z5fzNNBcH+6XDMfA/BTt87skxqJlO0lAh3Dker5zThcAxG6mKz+iGu308UKoPPQ8Dcqx/4JhujzltRa+hQ=="
    },
    "typedarray": {
      "version": "0.0.6",
      "resolved": "https://registry.npmjs.org/typedarray/-/typedarray-0.0.6.tgz",
      "integrity": "sha1-hnrHTjhkGHsdPUfZlqeOxciDB3c="
    },
    "util-deprecate": {
      "version": "1.0.2",
      "resolved": "https://registry.npmjs.org/util-deprecate/-/util-deprecate-1.0.2.tgz",
      "integrity": "sha1-RQ1Nyfpw3nMnYvvS1KKJgUGaDM8="
    },
    "voc": {
      "version": "0.5.0",
      "resolved": "https://registry.npmjs.org/voc/-/voc-0.5.0.tgz",
      "integrity": "sha1-vmynx25KV9kwzID2sx+9gMqGBFw="
    },
    "xlsjs": {
      "version": "0.7.0",
      "resolved": "https://registry.npmjs.org/xlsjs/-/xlsjs-0.7.0.tgz",
      "integrity": "sha1-fUoLtHSQV7J3re66tHE4aU/9Jik="
    },
    "xlsx": {
      "version": "0.8.8",
      "resolved": "https://registry.npmjs.org/xlsx/-/xlsx-0.8.8.tgz",
      "integrity": "sha1-uS124LXk8GDJII1LdEdWUQRDhTo=",
      "dependencies": {
        "codepage": {
          "version": "1.9.0",
          "resolved": "https://registry.npmjs.org/codepage/-/codepage-1.9.0.tgz",
          "integrity": "sha1-bMbSNyvqhEXP0+xr9fjYZPrPrho="
        }
      }
    },
    "xmldom": {
      "version": "0.1.27",
      "resolved": "https://registry.npmjs.org/xmldom/-/xmldom-0.1.27.tgz",
      "integrity": "sha1-1QH5ezvbQDr4757MIFcxh6rawOk="
    }
  }
}
